
Microsoft Visual Studio Solution File, Format Version 12.00
# Visual Studio Version 16
VisualStudioVersion = 16.0.31313.79
MinimumVisualStudioVersion = 10.0.40219.1
Project("{FAE04EC0-301F-11D3-BF4B-00C04F79EFBC}") = "Evaluacion03", "Evaluacion03\Evaluacion03.csproj", "{0D85FBDC-217E-491A-9AED-CD565A3C8F98}"
EndProject
Global
	GlobalSection(SolutionConfigurationPlatforms) = preSolution
		Debug|Any CPU = Debug|Any CPU
		Release|Any CPU = Release|Any CPU
	EndGlobalSection
	GlobalSection(ProjectConfigurationPlatforms) = postSolution
		{0D85FBDC-217E-491A-9AED-CD565A3C8F98}.Debug|Any CPU.ActiveCfg = Debug|Any CPU
		{0D85FBDC-217E-491A-9AED-CD565A3C8F98}.Debug|Any CPU.Build.0 = Debug|Any CPU
		{0D85FBDC-217E-491A-9AED-CD565A3C8F98}.Release|Any CPU.ActiveCfg = Release|Any CPU
		{0D85FBDC-217E-491A-9AED-CD565A3C8F98}.Release|Any CPU.Build.0 = Release|Any CPU
	EndGlobalSection
	GlobalSection(SolutionProperties) = preSolution
		HideSolutionNode = FALSE
	EndGlobalSection
	GlobalSection(ExtensibilityGlobals) = postSolution
		SolutionGuid = {30F3996D-E0E4-462C-88C3-1E387BC087FA}
	EndGlobalSection
EndGlobal
